{
  "name": "go-htmx-skeleton-frontend",
  "version": "1.0.0",
  "lockfileVersion": 3,
  "requires": true,
  "packages": {
    "": {
      "name": "go-htmx-skeleton-frontend",
      "version": "1.0.0",
      "license": "MIT",
      "dependencies": {
        "bulma": "^0.9.4",
        "htmx.org": "^1.9.5"
      }
    },
    "node_modules/bulma": {
      "version": "0.9.4",
      "resolved": "https://registry.npmjs.org/bulma/-/bulma-0.9.4.tgz",
      "integrity": "sha512-86FlT5+1GrsgKbPLRRY7cGDg8fsJiP/jzTqXXVqiUZZ2aZT8uemEOHlU1CDU+TxklPEZ11HZNNWclRBBecP4CQ=="
    },
    "node_modules/htmx.org": {
      "version": "1.9.5",
      "resolved": "https://registry.npmjs.org/htmx.org/-/htmx.org-1.9.5.tgz",
      "integrity": "sha512-YUMH1/zOe+75bZnSbtkqwK8wAoTJcgvwVA2W6CXoODBtsg2F9HJIPzM3vzosevrilpV6jLAR6nKapKypBs7v2A=="
    }
  }
}
